
Microsoft Visual Studio Solution File, Format Version 12.00
# Visual Studio Version 17
VisualStudioVersion = 17.0.31903.59
MinimumVisualStudioVersion = 10.0.40219.1
Project("{FAE04EC0-301F-11D3-BF4B-00C04F79EFBC}") = "AFH.Acs.Recorder", "AFH.Acs.Recorder\AFH.Acs.Recorder.csproj", "{4EE25174-3C5E-EB65-50DF-65DBBF8D5272}"
EndProject
Project("{2150E333-8FDC-42A3-9474-1A3956D46DE8}") = "Solution Items", "Solution Items", "{8EC462FD-D22E-90A8-E5CE-7E832BA40C5D}"
EndProject
Project("{FAE04EC0-301F-11D3-BF4B-00C04F79EFBC}") = "AFH.Acs.Recorder.Tests", "AFH.Acs.Recorder.Tests\AFH.Acs.Recorder.Tests.csproj", "{4CBBC869-F58C-473B-5F8F-57651797BDB8}"
EndProject
Project("{2150E333-8FDC-42A3-9474-1A3956D46DE8}") = "Integration", "Integration", "{02EA681E-C7D8-13C7-8484-4AC65E1B71E8}"
EndProject
Project("{FAE04EC0-301F-11D3-BF4B-00C04F79EFBC}") = "AFH.Integrations.Sharepoint", "AFH.Integrations.Sharepoint\AFH.Integrations.Sharepoint.csproj", "{B0496E8D-0BDF-BBD7-5401-B6324D1563EC}"
EndProject
Project("{FAE04EC0-301F-11D3-BF4B-00C04F79EFBC}") = "AFH.Integrations.SpeechAI", "AFH.Integrations.SpeechAI\AFH.Integrations.SpeechAI.csproj", "{D9EA42A7-D1FD-2218-9E0A-C0F7A1220EEF}"
EndProject
Global
	GlobalSection(SolutionConfigurationPlatforms) = preSolution
		Debug|Any CPU = Debug|Any CPU
		Debug|x64 = Debug|x64
		Debug|x86 = Debug|x86
		Release|Any CPU = Release|Any CPU
		Release|x64 = Release|x64
		Release|x86 = Release|x86
	EndGlobalSection
	GlobalSection(ProjectConfigurationPlatforms) = postSolution
		{4EE25174-3C5E-EB65-50DF-65DBBF8D5272}.Debug|Any CPU.ActiveCfg = Debug|Any CPU
		{4EE25174-3C5E-EB65-50DF-65DBBF8D5272}.Debug|Any CPU.Build.0 = Debug|Any CPU
		{4EE25174-3C5E-EB65-50DF-65DBBF8D5272}.Debug|x64.ActiveCfg = Debug|Any CPU
		{4EE25174-3C5E-EB65-50DF-65DBBF8D5272}.Debug|x64.Build.0 = Debug|Any CPU
		{4EE25174-3C5E-EB65-50DF-65DBBF8D5272}.Debug|x86.ActiveCfg = Debug|Any CPU
		{4EE25174-3C5E-EB65-50DF-65DBBF8D5272}.Debug|x86.Build.0 = Debug|Any CPU
		{4EE25174-3C5E-EB65-50DF-65DBBF8D5272}.Release|Any CPU.ActiveCfg = Release|Any CPU
		{4EE25174-3C5E-EB65-50DF-65DBBF8D5272}.Release|Any CPU.Build.0 = Release|Any CPU
		{4EE25174-3C5E-EB65-50DF-65DBBF8D5272}.Release|x64.ActiveCfg = Release|Any CPU
		{4EE25174-3C5E-EB65-50DF-65DBBF8D5272}.Release|x64.Build.0 = Release|Any CPU
		{4EE25174-3C5E-EB65-50DF-65DBBF8D5272}.Release|x86.ActiveCfg = Release|Any CPU
		{4EE25174-3C5E-EB65-50DF-65DBBF8D5272}.Release|x86.Build.0 = Release|Any CPU
		{4CBBC869-F58C-473B-5F8F-57651797BDB8}.Debug|Any CPU.ActiveCfg = Debug|Any CPU
		{4CBBC869-F58C-473B-5F8F-57651797BDB8}.Debug|Any CPU.Build.0 = Debug|Any CPU
		{4CBBC869-F58C-473B-5F8F-57651797BDB8}.Debug|x64.ActiveCfg = Debug|Any CPU
		{4CBBC869-F58C-473B-5F8F-57651797BDB8}.Debug|x64.Build.0 = Debug|Any CPU
		{4CBBC869-F58C-473B-5F8F-57651797BDB8}.Debug|x86.ActiveCfg = Debug|Any CPU
		{4CBBC869-F58C-473B-5F8F-57651797BDB8}.Debug|x86.Build.0 = Debug|Any CPU
		{4CBBC869-F58C-473B-5F8F-57651797BDB8}.Release|Any CPU.ActiveCfg = Release|Any CPU
		{4CBBC869-F58C-473B-5F8F-57651797BDB8}.Release|Any CPU.Build.0 = Release|Any CPU
		{4CBBC869-F58C-473B-5F8F-57651797BDB8}.Release|x64.ActiveCfg = Release|Any CPU
		{4CBBC869-F58C-473B-5F8F-57651797BDB8}.Release|x64.Build.0 = Release|Any CPU
		{4CBBC869-F58C-473B-5F8F-57651797BDB8}.Release|x86.ActiveCfg = Release|Any CPU
		{4CBBC869-F58C-473B-5F8F-57651797BDB8}.Release|x86.Build.0 = Release|Any CPU
		{B0496E8D-0BDF-BBD7-5401-B6324D1563EC}.Debug|Any CPU.ActiveCfg = Debug|Any CPU
		{B0496E8D-0BDF-BBD7-5401-B6324D1563EC}.Debug|Any CPU.Build.0 = Debug|Any CPU
		{B0496E8D-0BDF-BBD7-5401-B6324D1563EC}.Debug|x64.ActiveCfg = Debug|Any CPU
		{B0496E8D-0BDF-BBD7-5401-B6324D1563EC}.Debug|x64.Build.0 = Debug|Any CPU
		{B0496E8D-0BDF-BBD7-5401-B6324D1563EC}.Debug|x86.ActiveCfg = Debug|Any CPU
		{B0496E8D-0BDF-BBD7-5401-B6324D1563EC}.Debug|x86.Build.0 = Debug|Any CPU
		{B0496E8D-0BDF-BBD7-5401-B6324D1563EC}.Release|Any CPU.ActiveCfg = Release|Any CPU
		{B0496E8D-0BDF-BBD7-5401-B6324D1563EC}.Release|Any CPU.Build.0 = Release|Any CPU
		{B0496E8D-0BDF-BBD7-5401-B6324D1563EC}.Release|x64.ActiveCfg = Release|Any CPU
		{B0496E8D-0BDF-BBD7-5401-B6324D1563EC}.Release|x64.Build.0 = Release|Any CPU
		{B0496E8D-0BDF-BBD7-5401-B6324D1563EC}.Release|x86.ActiveCfg = Release|Any CPU
		{B0496E8D-0BDF-BBD7-5401-B6324D1563EC}.Release|x86.Build.0 = Release|Any CPU
		{D9EA42A7-D1FD-2218-9E0A-C0F7A1220EEF}.Debug|Any CPU.ActiveCfg = Debug|Any CPU
		{D9EA42A7-D1FD-2218-9E0A-C0F7A1220EEF}.Debug|Any CPU.Build.0 = Debug|Any CPU
		{D9EA42A7-D1FD-2218-9E0A-C0F7A1220EEF}.Debug|x64.ActiveCfg = Debug|Any CPU
		{D9EA42A7-D1FD-2218-9E0A-C0F7A1220EEF}.Debug|x64.Build.0 = Debug|Any CPU
		{D9EA42A7-D1FD-2218-9E0A-C0F7A1220EEF}.Debug|x86.ActiveCfg = Debug|Any CPU
		{D9EA42A7-D1FD-2218-9E0A-C0F7A1220EEF}.Debug|x86.Build.0 = Debug|Any CPU
		{D9EA42A7-D1FD-2218-9E0A-C0F7A1220EEF}.Release|Any CPU.ActiveCfg = Release|Any CPU
		{D9EA42A7-D1FD-2218-9E0A-C0F7A1220EEF}.Release|Any CPU.Build.0 = Release|Any CPU
		{D9EA42A7-D1FD-2218-9E0A-C0F7A1220EEF}.Release|x64.ActiveCfg = Release|Any CPU
		{D9EA42A7-D1FD-2218-9E0A-C0F7A1220EEF}.Release|x64.Build.0 = Release|Any CPU
		{D9EA42A7-D1FD-2218-9E0A-C0F7A1220EEF}.Release|x86.ActiveCfg = Release|Any CPU
		{D9EA42A7-D1FD-2218-9E0A-C0F7A1220EEF}.Release|x86.Build.0 = Release|Any CPU
	EndGlobalSection
	GlobalSection(SolutionProperties) = preSolution
		HideSolutionNode = FALSE
	EndGlobalSection
	GlobalSection(NestedProjects) = preSolution
		{B0496E8D-0BDF-BBD7-5401-B6324D1563EC} = {02EA681E-C7D8-13C7-8484-4AC65E1B71E8}
		{D9EA42A7-D1FD-2218-9E0A-C0F7A1220EEF} = {02EA681E-C7D8-13C7-8484-4AC65E1B71E8}
	EndGlobalSection
	GlobalSection(ExtensibilityGlobals) = postSolution
		SolutionGuid = {DB6A934B-0FE0-45A7-A8FB-31BD91763FA1}
	EndGlobalSection
EndGlobal
