
Microsoft Visual Studio Solution File, Format Version 12.00
# Visual Studio Version 18
VisualStudioVersion = 18.0.11222.15
MinimumVisualStudioVersion = 10.0.40219.1
Project("{FAE04EC0-301F-11D3-BF4B-00C04F79EFBC}") = "AFH.Booking.Domain", "src\AFH.Booking.Domain\AFH.Booking.Domain.csproj", "{8DC530BB-F52A-3CAC-36D3-B1524AAB80A2}"
EndProject
Project("{FAE04EC0-301F-11D3-BF4B-00C04F79EFBC}") = "AFH.Booking.Contract", "src\AFH.Booking.Contract\AFH.Booking.Contract.csproj", "{E5EB6FA5-8F82-5528-7329-79F1F3207D0B}"
EndProject
Project("{FAE04EC0-301F-11D3-BF4B-00C04F79EFBC}") = "AFH.Booking.Application", "src\AFH.Booking.Application\AFH.Booking.Application.csproj", "{CA04A335-B793-FA50-EEB8-19E5CF21F0CD}"
EndProject
Project("{FAE04EC0-301F-11D3-BF4B-00C04F79EFBC}") = "AFH.Booking.Infrastructure", "src\AFH.Booking.Infrastructure\AFH.Booking.Infrastructure.csproj", "{F53FA226-D237-7538-9AF0-614C034987F6}"
EndProject
Project("{FAE04EC0-301F-11D3-BF4B-00C04F79EFBC}") = "AFH.Booking.Function", "src\AFH.Booking.Function\AFH.Booking.Function.csproj", "{43481258-E2C3-7F25-7F3B-1894AB6D9828}"
EndProject
Project("{FAE04EC0-301F-11D3-BF4B-00C04F79EFBC}") = "AFH.Booking.Tests", "tests\AFH.Booking.Tests\AFH.Booking.Tests.csproj", "{F3D705F9-1B18-8F2B-D08A-5C7925824EC4}"
EndProject
Project("{2150E333-8FDC-42A3-9474-1A3956D46DE8}") = "src", "src", "{83F783AF-DABF-49A8-AC8E-11F5C2349ABD}"
EndProject
Project("{2150E333-8FDC-42A3-9474-1A3956D46DE8}") = "tests", "tests", "{19C5DEAE-EED9-44ED-8912-CCD2F6E8C789}"
EndProject
Project("{FAE04EC0-301F-11D3-BF4B-00C04F79EFBC}") = "AFH.Notification.Contract", "src\AFH.Notification.Contract\AFH.Notification.Contract.csproj", "{65F59530-AE1C-4937-AA15-266F9002ADD7}"
EndProject
Project("{FAE04EC0-301F-11D3-BF4B-00C04F79EFBC}") = "AFH.Notification.Domain", "src\AFH.Notification.Domain\AFH.Notification.Domain.csproj", "{8D09B772-8CC1-4002-A1DA-35769D94D90A}"
EndProject
Project("{FAE04EC0-301F-11D3-BF4B-00C04F79EFBC}") = "AFH.Notification.Application", "src\AFH.Notification.Application\AFH.Notification.Application.csproj", "{72C47657-A435-451F-A050-237C4F70A485}"
EndProject
Project("{FAE04EC0-301F-11D3-BF4B-00C04F79EFBC}") = "AFH.Notification.Infrastructure", "src\AFH.Notification.Infrastructure\AFH.Notification.Infrastructure.csproj", "{E3D22152-8DF6-417E-BDDA-EA0A0949E9DA}"
EndProject
Global
	GlobalSection(SolutionConfigurationPlatforms) = preSolution
		Debug|Any CPU = Debug|Any CPU
		Debug|x64 = Debug|x64
		Debug|x86 = Debug|x86
		Release|Any CPU = Release|Any CPU
		Release|x64 = Release|x64
		Release|x86 = Release|x86
	EndGlobalSection
	GlobalSection(ProjectConfigurationPlatforms) = postSolution
		{8DC530BB-F52A-3CAC-36D3-B1524AAB80A2}.Debug|Any CPU.ActiveCfg = Debug|Any CPU
		{8DC530BB-F52A-3CAC-36D3-B1524AAB80A2}.Debug|Any CPU.Build.0 = Debug|Any CPU
		{8DC530BB-F52A-3CAC-36D3-B1524AAB80A2}.Debug|x64.ActiveCfg = Debug|Any CPU
		{8DC530BB-F52A-3CAC-36D3-B1524AAB80A2}.Debug|x64.Build.0 = Debug|Any CPU
		{8DC530BB-F52A-3CAC-36D3-B1524AAB80A2}.Debug|x86.ActiveCfg = Debug|Any CPU
		{8DC530BB-F52A-3CAC-36D3-B1524AAB80A2}.Debug|x86.Build.0 = Debug|Any CPU
		{8DC530BB-F52A-3CAC-36D3-B1524AAB80A2}.Release|Any CPU.ActiveCfg = Release|Any CPU
		{8DC530BB-F52A-3CAC-36D3-B1524AAB80A2}.Release|Any CPU.Build.0 = Release|Any CPU
		{8DC530BB-F52A-3CAC-36D3-B1524AAB80A2}.Release|x64.ActiveCfg = Release|Any CPU
		{8DC530BB-F52A-3CAC-36D3-B1524AAB80A2}.Release|x64.Build.0 = Release|Any CPU
		{8DC530BB-F52A-3CAC-36D3-B1524AAB80A2}.Release|x86.ActiveCfg = Release|Any CPU
		{8DC530BB-F52A-3CAC-36D3-B1524AAB80A2}.Release|x86.Build.0 = Release|Any CPU
		{E5EB6FA5-8F82-5528-7329-79F1F3207D0B}.Debug|Any CPU.ActiveCfg = Debug|Any CPU
		{E5EB6FA5-8F82-5528-7329-79F1F3207D0B}.Debug|Any CPU.Build.0 = Debug|Any CPU
		{E5EB6FA5-8F82-5528-7329-79F1F3207D0B}.Debug|x64.ActiveCfg = Debug|Any CPU
		{E5EB6FA5-8F82-5528-7329-79F1F3207D0B}.Debug|x64.Build.0 = Debug|Any CPU
		{E5EB6FA5-8F82-5528-7329-79F1F3207D0B}.Debug|x86.ActiveCfg = Debug|Any CPU
		{E5EB6FA5-8F82-5528-7329-79F1F3207D0B}.Debug|x86.Build.0 = Debug|Any CPU
		{E5EB6FA5-8F82-5528-7329-79F1F3207D0B}.Release|Any CPU.ActiveCfg = Release|Any CPU
		{E5EB6FA5-8F82-5528-7329-79F1F3207D0B}.Release|Any CPU.Build.0 = Release|Any CPU
		{E5EB6FA5-8F82-5528-7329-79F1F3207D0B}.Release|x64.ActiveCfg = Release|Any CPU
		{E5EB6FA5-8F82-5528-7329-79F1F3207D0B}.Release|x64.Build.0 = Release|Any CPU
		{E5EB6FA5-8F82-5528-7329-79F1F3207D0B}.Release|x86.ActiveCfg = Release|Any CPU
		{E5EB6FA5-8F82-5528-7329-79F1F3207D0B}.Release|x86.Build.0 = Release|Any CPU
		{CA04A335-B793-FA50-EEB8-19E5CF21F0CD}.Debug|Any CPU.ActiveCfg = Debug|Any CPU
		{CA04A335-B793-FA50-EEB8-19E5CF21F0CD}.Debug|Any CPU.Build.0 = Debug|Any CPU
		{CA04A335-B793-FA50-EEB8-19E5CF21F0CD}.Debug|x64.ActiveCfg = Debug|Any CPU
		{CA04A335-B793-FA50-EEB8-19E5CF21F0CD}.Debug|x64.Build.0 = Debug|Any CPU
		{CA04A335-B793-FA50-EEB8-19E5CF21F0CD}.Debug|x86.ActiveCfg = Debug|Any CPU
		{CA04A335-B793-FA50-EEB8-19E5CF21F0CD}.Debug|x86.Build.0 = Debug|Any CPU
		{CA04A335-B793-FA50-EEB8-19E5CF21F0CD}.Release|Any CPU.ActiveCfg = Release|Any CPU
		{CA04A335-B793-FA50-EEB8-19E5CF21F0CD}.Release|Any CPU.Build.0 = Release|Any CPU
		{CA04A335-B793-FA50-EEB8-19E5CF21F0CD}.Release|x64.ActiveCfg = Release|Any CPU
		{CA04A335-B793-FA50-EEB8-19E5CF21F0CD}.Release|x64.Build.0 = Release|Any CPU
		{CA04A335-B793-FA50-EEB8-19E5CF21F0CD}.Release|x86.ActiveCfg = Release|Any CPU
		{CA04A335-B793-FA50-EEB8-19E5CF21F0CD}.Release|x86.Build.0 = Release|Any CPU
		{F53FA226-D237-7538-9AF0-614C034987F6}.Debug|Any CPU.ActiveCfg = Debug|Any CPU
		{F53FA226-D237-7538-9AF0-614C034987F6}.Debug|Any CPU.Build.0 = Debug|Any CPU
		{F53FA226-D237-7538-9AF0-614C034987F6}.Debug|x64.ActiveCfg = Debug|Any CPU
		{F53FA226-D237-7538-9AF0-614C034987F6}.Debug|x64.Build.0 = Debug|Any CPU
		{F53FA226-D237-7538-9AF0-614C034987F6}.Debug|x86.ActiveCfg = Debug|Any CPU
		{F53FA226-D237-7538-9AF0-614C034987F6}.Debug|x86.Build.0 = Debug|Any CPU
		{F53FA226-D237-7538-9AF0-614C034987F6}.Release|Any CPU.ActiveCfg = Release|Any CPU
		{F53FA226-D237-7538-9AF0-614C034987F6}.Release|Any CPU.Build.0 = Release|Any CPU
		{F53FA226-D237-7538-9AF0-614C034987F6}.Release|x64.ActiveCfg = Release|Any CPU
		{F53FA226-D237-7538-9AF0-614C034987F6}.Release|x64.Build.0 = Release|Any CPU
		{F53FA226-D237-7538-9AF0-614C034987F6}.Release|x86.ActiveCfg = Release|Any CPU
		{F53FA226-D237-7538-9AF0-614C034987F6}.Release|x86.Build.0 = Release|Any CPU
		{43481258-E2C3-7F25-7F3B-1894AB6D9828}.Debug|Any CPU.ActiveCfg = Debug|Any CPU
		{43481258-E2C3-7F25-7F3B-1894AB6D9828}.Debug|Any CPU.Build.0 = Debug|Any CPU
		{43481258-E2C3-7F25-7F3B-1894AB6D9828}.Debug|x64.ActiveCfg = Debug|Any CPU
		{43481258-E2C3-7F25-7F3B-1894AB6D9828}.Debug|x64.Build.0 = Debug|Any CPU
		{43481258-E2C3-7F25-7F3B-1894AB6D9828}.Debug|x86.ActiveCfg = Debug|Any CPU
		{43481258-E2C3-7F25-7F3B-1894AB6D9828}.Debug|x86.Build.0 = Debug|Any CPU
		{43481258-E2C3-7F25-7F3B-1894AB6D9828}.Release|Any CPU.ActiveCfg = Release|Any CPU
		{43481258-E2C3-7F25-7F3B-1894AB6D9828}.Release|Any CPU.Build.0 = Release|Any CPU
		{43481258-E2C3-7F25-7F3B-1894AB6D9828}.Release|x64.ActiveCfg = Release|Any CPU
		{43481258-E2C3-7F25-7F3B-1894AB6D9828}.Release|x64.Build.0 = Release|Any CPU
		{43481258-E2C3-7F25-7F3B-1894AB6D9828}.Release|x86.ActiveCfg = Release|Any CPU
		{43481258-E2C3-7F25-7F3B-1894AB6D9828}.Release|x86.Build.0 = Release|Any CPU
		{F3D705F9-1B18-8F2B-D08A-5C7925824EC4}.Debug|Any CPU.ActiveCfg = Debug|Any CPU
		{F3D705F9-1B18-8F2B-D08A-5C7925824EC4}.Debug|Any CPU.Build.0 = Debug|Any CPU
		{F3D705F9-1B18-8F2B-D08A-5C7925824EC4}.Debug|x64.ActiveCfg = Debug|Any CPU
		{F3D705F9-1B18-8F2B-D08A-5C7925824EC4}.Debug|x64.Build.0 = Debug|Any CPU
		{F3D705F9-1B18-8F2B-D08A-5C7925824EC4}.Debug|x86.ActiveCfg = Debug|Any CPU
		{F3D705F9-1B18-8F2B-D08A-5C7925824EC4}.Debug|x86.Build.0 = Debug|Any CPU
		{F3D705F9-1B18-8F2B-D08A-5C7925824EC4}.Release|Any CPU.ActiveCfg = Release|Any CPU
		{F3D705F9-1B18-8F2B-D08A-5C7925824EC4}.Release|Any CPU.Build.0 = Release|Any CPU
		{F3D705F9-1B18-8F2B-D08A-5C7925824EC4}.Release|x64.ActiveCfg = Release|Any CPU
		{F3D705F9-1B18-8F2B-D08A-5C7925824EC4}.Release|x64.Build.0 = Release|Any CPU
		{F3D705F9-1B18-8F2B-D08A-5C7925824EC4}.Release|x86.ActiveCfg = Release|Any CPU
		{F3D705F9-1B18-8F2B-D08A-5C7925824EC4}.Release|x86.Build.0 = Release|Any CPU
		{65F59530-AE1C-4937-AA15-266F9002ADD7}.Debug|Any CPU.ActiveCfg = Debug|Any CPU
		{65F59530-AE1C-4937-AA15-266F9002ADD7}.Debug|Any CPU.Build.0 = Debug|Any CPU
		{65F59530-AE1C-4937-AA15-266F9002ADD7}.Debug|x64.ActiveCfg = Debug|Any CPU
		{65F59530-AE1C-4937-AA15-266F9002ADD7}.Debug|x64.Build.0 = Debug|Any CPU
		{65F59530-AE1C-4937-AA15-266F9002ADD7}.Debug|x86.ActiveCfg = Debug|Any CPU
		{65F59530-AE1C-4937-AA15-266F9002ADD7}.Debug|x86.Build.0 = Debug|Any CPU
		{65F59530-AE1C-4937-AA15-266F9002ADD7}.Release|Any CPU.ActiveCfg = Release|Any CPU
		{65F59530-AE1C-4937-AA15-266F9002ADD7}.Release|Any CPU.Build.0 = Release|Any CPU
		{65F59530-AE1C-4937-AA15-266F9002ADD7}.Release|x64.ActiveCfg = Release|Any CPU
		{65F59530-AE1C-4937-AA15-266F9002ADD7}.Release|x64.Build.0 = Release|Any CPU
		{65F59530-AE1C-4937-AA15-266F9002ADD7}.Release|x86.ActiveCfg = Release|Any CPU
		{65F59530-AE1C-4937-AA15-266F9002ADD7}.Release|x86.Build.0 = Release|Any CPU
		{8D09B772-8CC1-4002-A1DA-35769D94D90A}.Debug|Any CPU.ActiveCfg = Debug|Any CPU
		{8D09B772-8CC1-4002-A1DA-35769D94D90A}.Debug|Any CPU.Build.0 = Debug|Any CPU
		{8D09B772-8CC1-4002-A1DA-35769D94D90A}.Debug|x64.ActiveCfg = Debug|Any CPU
		{8D09B772-8CC1-4002-A1DA-35769D94D90A}.Debug|x64.Build.0 = Debug|Any CPU
		{8D09B772-8CC1-4002-A1DA-35769D94D90A}.Debug|x86.ActiveCfg = Debug|Any CPU
		{8D09B772-8CC1-4002-A1DA-35769D94D90A}.Debug|x86.Build.0 = Debug|Any CPU
		{8D09B772-8CC1-4002-A1DA-35769D94D90A}.Release|Any CPU.ActiveCfg = Release|Any CPU
		{8D09B772-8CC1-4002-A1DA-35769D94D90A}.Release|Any CPU.Build.0 = Release|Any CPU
		{8D09B772-8CC1-4002-A1DA-35769D94D90A}.Release|x64.ActiveCfg = Release|Any CPU
		{8D09B772-8CC1-4002-A1DA-35769D94D90A}.Release|x64.Build.0 = Release|Any CPU
		{8D09B772-8CC1-4002-A1DA-35769D94D90A}.Release|x86.ActiveCfg = Release|Any CPU
		{8D09B772-8CC1-4002-A1DA-35769D94D90A}.Release|x86.Build.0 = Release|Any CPU
		{72C47657-A435-451F-A050-237C4F70A485}.Debug|Any CPU.ActiveCfg = Debug|Any CPU
		{72C47657-A435-451F-A050-237C4F70A485}.Debug|Any CPU.Build.0 = Debug|Any CPU
		{72C47657-A435-451F-A050-237C4F70A485}.Debug|x64.ActiveCfg = Debug|Any CPU
		{72C47657-A435-451F-A050-237C4F70A485}.Debug|x64.Build.0 = Debug|Any CPU
		{72C47657-A435-451F-A050-237C4F70A485}.Debug|x86.ActiveCfg = Debug|Any CPU
		{72C47657-A435-451F-A050-237C4F70A485}.Debug|x86.Build.0 = Debug|Any CPU
		{72C47657-A435-451F-A050-237C4F70A485}.Release|Any CPU.ActiveCfg = Release|Any CPU
		{72C47657-A435-451F-A050-237C4F70A485}.Release|Any CPU.Build.0 = Release|Any CPU
		{72C47657-A435-451F-A050-237C4F70A485}.Release|x64.ActiveCfg = Release|Any CPU
		{72C47657-A435-451F-A050-237C4F70A485}.Release|x64.Build.0 = Release|Any CPU
		{72C47657-A435-451F-A050-237C4F70A485}.Release|x86.ActiveCfg = Release|Any CPU
		{72C47657-A435-451F-A050-237C4F70A485}.Release|x86.Build.0 = Release|Any CPU
		{E3D22152-8DF6-417E-BDDA-EA0A0949E9DA}.Debug|Any CPU.ActiveCfg = Debug|Any CPU
		{E3D22152-8DF6-417E-BDDA-EA0A0949E9DA}.Debug|Any CPU.Build.0 = Debug|Any CPU
		{E3D22152-8DF6-417E-BDDA-EA0A0949E9DA}.Debug|x64.ActiveCfg = Debug|Any CPU
		{E3D22152-8DF6-417E-BDDA-EA0A0949E9DA}.Debug|x64.Build.0 = Debug|Any CPU
		{E3D22152-8DF6-417E-BDDA-EA0A0949E9DA}.Debug|x86.ActiveCfg = Debug|Any CPU
		{E3D22152-8DF6-417E-BDDA-EA0A0949E9DA}.Debug|x86.Build.0 = Debug|Any CPU
		{E3D22152-8DF6-417E-BDDA-EA0A0949E9DA}.Release|Any CPU.ActiveCfg = Release|Any CPU
		{E3D22152-8DF6-417E-BDDA-EA0A0949E9DA}.Release|Any CPU.Build.0 = Release|Any CPU
		{E3D22152-8DF6-417E-BDDA-EA0A0949E9DA}.Release|x64.ActiveCfg = Release|Any CPU
		{E3D22152-8DF6-417E-BDDA-EA0A0949E9DA}.Release|x64.Build.0 = Release|Any CPU
		{E3D22152-8DF6-417E-BDDA-EA0A0949E9DA}.Release|x86.ActiveCfg = Release|Any CPU
		{E3D22152-8DF6-417E-BDDA-EA0A0949E9DA}.Release|x86.Build.0 = Release|Any CPU
	EndGlobalSection
	GlobalSection(SolutionProperties) = preSolution
		HideSolutionNode = FALSE
	EndGlobalSection
	GlobalSection(NestedProjects) = preSolution
		{8DC530BB-F52A-3CAC-36D3-B1524AAB80A2} = {83F783AF-DABF-49A8-AC8E-11F5C2349ABD}
		{E5EB6FA5-8F82-5528-7329-79F1F3207D0B} = {83F783AF-DABF-49A8-AC8E-11F5C2349ABD}
		{CA04A335-B793-FA50-EEB8-19E5CF21F0CD} = {83F783AF-DABF-49A8-AC8E-11F5C2349ABD}
		{F53FA226-D237-7538-9AF0-614C034987F6} = {83F783AF-DABF-49A8-AC8E-11F5C2349ABD}
		{43481258-E2C3-7F25-7F3B-1894AB6D9828} = {83F783AF-DABF-49A8-AC8E-11F5C2349ABD}
		{F3D705F9-1B18-8F2B-D08A-5C7925824EC4} = {19C5DEAE-EED9-44ED-8912-CCD2F6E8C789}
		{65F59530-AE1C-4937-AA15-266F9002ADD7} = {83F783AF-DABF-49A8-AC8E-11F5C2349ABD}
		{8D09B772-8CC1-4002-A1DA-35769D94D90A} = {83F783AF-DABF-49A8-AC8E-11F5C2349ABD}
		{72C47657-A435-451F-A050-237C4F70A485} = {83F783AF-DABF-49A8-AC8E-11F5C2349ABD}
		{E3D22152-8DF6-417E-BDDA-EA0A0949E9DA} = {83F783AF-DABF-49A8-AC8E-11F5C2349ABD}
	EndGlobalSection
	GlobalSection(ExtensibilityGlobals) = postSolution
		SolutionGuid = {824312E9-0575-4CB4-85A3-83ED44EF0D10}
	EndGlobalSection
EndGlobal
