Microsoft Visual Studio Solution File, Format Version 12.00
# Visual Studio Version 17
VisualStudioVersion = 17.0.31903.59
MinimumVisualStudioVersion = 10.0.40219.1
Project("{FAE04EC0-301F-11D3-BF4B-00C04F79EFBC}") = "AFH.Acs.Domain", "src\\AFH.Acs.Domain\\AFH.Acs.Domain.csproj", "{3E802B0F-D422-4E4D-B3BF-CA2B63D30929}"
EndProject
Project("{FAE04EC0-301F-11D3-BF4B-00C04F79EFBC}") = "AFH.Acs.Contract", "src\\AFH.Acs.Contract\\AFH.Acs.Contract.csproj", "{207392BB-689A-49A3-8BD5-695E1E35C84C}"
EndProject
Project("{FAE04EC0-301F-11D3-BF4B-00C04F79EFBC}") = "AFH.Acs.Function", "src\\AFH.Acs.Function\\AFH.Acs.Function.csproj", "{885AED95-7A61-4F74-9075-5D3E48A89C10}"
EndProject
Project("{FAE04EC0-301F-11D3-BF4B-00C04F79EFBC}") = "AFH.Acs.Tests", "tests\\AFH.Acs.Tests\\AFH.Acs.Tests.csproj", "{5D182354-FAA3-493A-9035-2A80FB20B35A}"
EndProject
Global
	GlobalSection(SolutionConfigurationPlatforms) = preSolution
		Debug|Any CPU = Debug|Any CPU
		Release|Any CPU = Release|Any CPU
	EndGlobalSection
	GlobalSection(ProjectConfigurationPlatforms) = postSolution
		{3E802B0F-D422-4E4D-B3BF-CA2B63D30929}.Debug|Any CPU.ActiveCfg = Debug|Any CPU
		{3E802B0F-D422-4E4D-B3BF-CA2B63D30929}.Debug|Any CPU.Build.0 = Debug|Any CPU
		{3E802B0F-D422-4E4D-B3BF-CA2B63D30929}.Release|Any CPU.ActiveCfg = Release|Any CPU
		{3E802B0F-D422-4E4D-B3BF-CA2B63D30929}.Release|Any CPU.Build.0 = Release|Any CPU
		{207392BB-689A-49A3-8BD5-695E1E35C84C}.Debug|Any CPU.ActiveCfg = Debug|Any CPU
		{207392BB-689A-49A3-8BD5-695E1E35C84C}.Debug|Any CPU.Build.0 = Debug|Any CPU
		{207392BB-689A-49A3-8BD5-695E1E35C84C}.Release|Any CPU.ActiveCfg = Release|Any CPU
		{207392BB-689A-49A3-8BD5-695E1E35C84C}.Release|Any CPU.Build.0 = Release|Any CPU
		{885AED95-7A61-4F74-9075-5D3E48A89C10}.Debug|Any CPU.ActiveCfg = Debug|Any CPU
		{885AED95-7A61-4F74-9075-5D3E48A89C10}.Debug|Any CPU.Build.0 = Debug|Any CPU
		{885AED95-7A61-4F74-9075-5D3E48A89C10}.Release|Any CPU.ActiveCfg = Release|Any CPU
		{885AED95-7A61-4F74-9075-5D3E48A89C10}.Release|Any CPU.Build.0 = Release|Any CPU
		{5D182354-FAA3-493A-9035-2A80FB20B35A}.Debug|Any CPU.ActiveCfg = Debug|Any CPU
		{5D182354-FAA3-493A-9035-2A80FB20B35A}.Debug|Any CPU.Build.0 = Debug|Any CPU
		{5D182354-FAA3-493A-9035-2A80FB20B35A}.Release|Any CPU.ActiveCfg = Release|Any CPU
		{5D182354-FAA3-493A-9035-2A80FB20B35A}.Release|Any CPU.Build.0 = Release|Any CPU
	EndGlobalSection
	GlobalSection(SolutionProperties) = preSolution
		HideSolutionNode = FALSE
	EndGlobalSection
	GlobalSection(ExtensibilityGlobals) = postSolution
		SolutionGuid = {26708E3D-D6BD-48DE-A05E-F55D1B3C01EE}
	EndGlobalSection
EndGlobal
